
Microsoft Visual Studio Solution File, Format Version 12.00
# Visual Studio 15
VisualStudioVersion = 15.0.27703.2018
MinimumVisualStudioVersion = 10.0.40219.1
Project("{FAE04EC0-301F-11D3-BF4B-00C04F79EFBC}") = "Login", "Login\Login.csproj", "{3D9132BB-C6D1-4076-8FA5-83D9AB8C326F}"
EndProject
Global
	GlobalSection(SolutionConfigurationPlatforms) = preSolution
		Debug|Any CPU = Debug|Any CPU
		Release|Any CPU = Release|Any CPU
	EndGlobalSection
	GlobalSection(ProjectConfigurationPlatforms) = postSolution
		{3D9132BB-C6D1-4076-8FA5-83D9AB8C326F}.Debug|Any CPU.ActiveCfg = Debug|Any CPU
		{3D9132BB-C6D1-4076-8FA5-83D9AB8C326F}.Debug|Any CPU.Build.0 = Debug|Any CPU
		{3D9132BB-C6D1-4076-8FA5-83D9AB8C326F}.Release|Any CPU.ActiveCfg = Release|Any CPU
		{3D9132BB-C6D1-4076-8FA5-83D9AB8C326F}.Release|Any CPU.Build.0 = Release|Any CPU
	EndGlobalSection
	GlobalSection(SolutionProperties) = preSolution
		HideSolutionNode = FALSE
	EndGlobalSection
	GlobalSection(ExtensibilityGlobals) = postSolution
		SolutionGuid = {E0776293-BB99-447D-BF25-254F51640A02}
	EndGlobalSection
EndGlobal
